{
  "requires": true,
  "lockfileVersion": 1,
  "dependencies": {
    "@minui/wxc-progress": {
      "version": "1.0.5",
      "resolved": "https://registry.npmjs.org/@minui/wxc-progress/-/wxc-progress-1.0.5.tgz",
      "integrity": "sha512-27aSlwSMtWhNiQWj/gKwAjven17Q+IGzyFh0iaLAl1S5dCJPTMQGx9CbJP7CrIxNR3Url1W51bp3WQDF6akB4g=="
    }
  }
}
